
Microsoft Visual Studio Solution File, Format Version 12.00
# Visual Studio Version 17
VisualStudioVersion = 17.8.34316.72
MinimumVisualStudioVersion = 10.0.40219.1
Project("{FAE04EC0-301F-11D3-BF4B-00C04F79EFBC}") = "DubstepFight.Client", "DubstepFight\DubstepFight.Client.csproj", "{1080CFD6-A97A-41E4-9D4C-77D6EBD6BA54}"
EndProject
Project("{FAE04EC0-301F-11D3-BF4B-00C04F79EFBC}") = "DubstepFight.Test", "DubstepFight.Test\DubstepFight.Test.csproj", "{07051DCB-355E-4383-9C2C-D4D626CB7BAC}"
EndProject
Project("{FAE04EC0-301F-11D3-BF4B-00C04F79EFBC}") = "DubstepFight.Core", "DubstepFight.Core\DubstepFight.Core.csproj", "{100A79D0-9194-4051-B6A7-DF8617918080}"
EndProject
Global
	GlobalSection(SolutionConfigurationPlatforms) = preSolution
		Debug|Any CPU = Debug|Any CPU
		Release|Any CPU = Release|Any CPU
	EndGlobalSection
	GlobalSection(ProjectConfigurationPlatforms) = postSolution
		{1080CFD6-A97A-41E4-9D4C-77D6EBD6BA54}.Debug|Any CPU.ActiveCfg = Debug|Any CPU
		{1080CFD6-A97A-41E4-9D4C-77D6EBD6BA54}.Debug|Any CPU.Build.0 = Debug|Any CPU
		{1080CFD6-A97A-41E4-9D4C-77D6EBD6BA54}.Release|Any CPU.ActiveCfg = Release|Any CPU
		{1080CFD6-A97A-41E4-9D4C-77D6EBD6BA54}.Release|Any CPU.Build.0 = Release|Any CPU
		{07051DCB-355E-4383-9C2C-D4D626CB7BAC}.Debug|Any CPU.ActiveCfg = Debug|Any CPU
		{07051DCB-355E-4383-9C2C-D4D626CB7BAC}.Debug|Any CPU.Build.0 = Debug|Any CPU
		{07051DCB-355E-4383-9C2C-D4D626CB7BAC}.Release|Any CPU.ActiveCfg = Release|Any CPU
		{07051DCB-355E-4383-9C2C-D4D626CB7BAC}.Release|Any CPU.Build.0 = Release|Any CPU
		{100A79D0-9194-4051-B6A7-DF8617918080}.Debug|Any CPU.ActiveCfg = Debug|Any CPU
		{100A79D0-9194-4051-B6A7-DF8617918080}.Debug|Any CPU.Build.0 = Debug|Any CPU
		{100A79D0-9194-4051-B6A7-DF8617918080}.Release|Any CPU.ActiveCfg = Release|Any CPU
		{100A79D0-9194-4051-B6A7-DF8617918080}.Release|Any CPU.Build.0 = Release|Any CPU
	EndGlobalSection
	GlobalSection(SolutionProperties) = preSolution
		HideSolutionNode = FALSE
	EndGlobalSection
	GlobalSection(ExtensibilityGlobals) = postSolution
		SolutionGuid = {E10F6356-2C5B-435D-96F0-3106022B25B8}
	EndGlobalSection
EndGlobal
